// !$*UTF8*$!
{
	archiveVersion = 1;
	classes = {
	};
	objectVersion = 55;
	objects = {

/* Begin PBXBuildFile section */
		33192450278F1F9D00F73A87 /* CharacterCell.swift in Sources */ = {isa = PBXBuildFile; fileRef = 3319244F278F1F9D00F73A87 /* CharacterCell.swift */; };
		33192453278F7A0200F73A87 /* Utils.swift in Sources */ = {isa = PBXBuildFile; fileRef = 33192452278F7A0200F73A87 /* Utils.swift */; };
		33192455278F7EAC00F73A87 /* ServiceHandler.swift in Sources */ = {isa = PBXBuildFile; fileRef = 33192454278F7EAC00F73A87 /* ServiceHandler.swift */; };
		33192457278F7F5F00F73A87 /* Character.swift in Sources */ = {isa = PBXBuildFile; fileRef = 33192456278F7F5F00F73A87 /* Character.swift */; };
		33192459278F806300F73A87 /* Comic.swift in Sources */ = {isa = PBXBuildFile; fileRef = 33192458278F806300F73A87 /* Comic.swift */; };
		3319245B278F83A900F73A87 /* CharacterViewModel.swift in Sources */ = {isa = PBXBuildFile; fileRef = 3319245A278F83A900F73A87 /* CharacterViewModel.swift */; };
		332ABFB1278DE3EC00CB3590 /* AppDelegate.swift in Sources */ = {isa = PBXBuildFile; fileRef = 332ABFB0278DE3EC00CB3590 /* AppDelegate.swift */; };
		332ABFB3278DE3EC00CB3590 /* SceneDelegate.swift in Sources */ = {isa = PBXBuildFile; fileRef = 332ABFB2278DE3EC00CB3590 /* SceneDelegate.swift */; };
		332ABFB5278DE3EC00CB3590 /* MainVC.swift in Sources */ = {isa = PBXBuildFile; fileRef = 332ABFB4278DE3EC00CB3590 /* MainVC.swift */; };
		332ABFB8278DE3EC00CB3590 /* Main.storyboard in Resources */ = {isa = PBXBuildFile; fileRef = 332ABFB6278DE3EC00CB3590 /* Main.storyboard */; };
		332ABFBB278DE3EC00CB3590 /* MarvelSwift.xcdatamodeld in Sources */ = {isa = PBXBuildFile; fileRef = 332ABFB9278DE3EC00CB3590 /* MarvelSwift.xcdatamodeld */; };
		332ABFBD278DE3EE00CB3590 /* Assets.xcassets in Resources */ = {isa = PBXBuildFile; fileRef = 332ABFBC278DE3EE00CB3590 /* Assets.xcassets */; };
		332ABFC0278DE3EE00CB3590 /* LaunchScreen.storyboard in Resources */ = {isa = PBXBuildFile; fileRef = 332ABFBE278DE3EE00CB3590 /* LaunchScreen.storyboard */; };
		B85BC698CC6102280B92E89C /* Pods_MarvelSwift.framework in Frameworks */ = {isa = PBXBuildFile; fileRef = 6A4F3E5E0E2E401454CA4CC7 /* Pods_MarvelSwift.framework */; };
/* End PBXBuildFile section */

/* Begin PBXFileReference section */
		3319244F278F1F9D00F73A87 /* CharacterCell.swift */ = {isa = PBXFileReference; lastKnownFileType = sourcecode.swift; path = CharacterCell.swift; sourceTree = "<group>"; };
		33192452278F7A0200F73A87 /* Utils.swift */ = {isa = PBXFileReference; lastKnownFileType = sourcecode.swift; path = Utils.swift; sourceTree = "<group>"; };
		33192454278F7EAC00F73A87 /* ServiceHandler.swift */ = {isa = PBXFileReference; lastKnownFileType = sourcecode.swift; path = ServiceHandler.swift; sourceTree = "<group>"; };
		33192456278F7F5F00F73A87 /* Character.swift */ = {isa = PBXFileReference; lastKnownFileType = sourcecode.swift; path = Character.swift; sourceTree = "<group>"; };
		33192458278F806300F73A87 /* Comic.swift */ = {isa = PBXFileReference; lastKnownFileType = sourcecode.swift; path = Comic.swift; sourceTree = "<group>"; };
		3319245A278F83A900F73A87 /* CharacterViewModel.swift */ = {isa = PBXFileReference; lastKnownFileType = sourcecode.swift; path = CharacterViewModel.swift; sourceTree = "<group>"; };
		332ABFAD278DE3EC00CB3590 /* MarvelSwift.app */ = {isa = PBXFileReference; explicitFileType = wrapper.application; includeInIndex = 0; path = MarvelSwift.app; sourceTree = BUILT_PRODUCTS_DIR; };
		332ABFB0278DE3EC00CB3590 /* AppDelegate.swift */ = {isa = PBXFileReference; lastKnownFileType = sourcecode.swift; path = AppDelegate.swift; sourceTree = "<group>"; };
		332ABFB2278DE3EC00CB3590 /* SceneDelegate.swift */ = {isa = PBXFileReference; lastKnownFileType = sourcecode.swift; path = SceneDelegate.swift; sourceTree = "<group>"; };
		332ABFB4278DE3EC00CB3590 /* MainVC.swift */ = {isa = PBXFileReference; lastKnownFileType = sourcecode.swift; path = MainVC.swift; sourceTree = "<group>"; };
		332ABFB7278DE3EC00CB3590 /* Base */ = {isa = PBXFileReference; lastKnownFileType = file.storyboard; name = Base; path = Base.lproj/Main.storyboard; sourceTree = "<group>"; };
		332ABFBA278DE3EC00CB3590 /* MarvelSwift.xcdatamodel */ = {isa = PBXFileReference; lastKnownFileType = wrapper.xcdatamodel; path = MarvelSwift.xcdatamodel; sourceTree = "<group>"; };
		332ABFBC278DE3EE00CB3590 /* Assets.xcassets */ = {isa = PBXFileReference; lastKnownFileType = folder.assetcatalog; path = Assets.xcassets; sourceTree = "<group>"; };
		332ABFBF278DE3EE00CB3590 /* Base */ = {isa = PBXFileReference; lastKnownFileType = file.storyboard; name = Base; path = Base.lproj/LaunchScreen.storyboard; sourceTree = "<group>"; };
		332ABFC1278DE3EE00CB3590 /* Info.plist */ = {isa = PBXFileReference; lastKnownFileType = text.plist.xml; path = Info.plist; sourceTree = "<group>"; };
		6A4F3E5E0E2E401454CA4CC7 /* Pods_MarvelSwift.framework */ = {isa = PBXFileReference; explicitFileType = wrapper.framework; includeInIndex = 0; path = Pods_MarvelSwift.framework; sourceTree = BUILT_PRODUCTS_DIR; };
		77DDC24F78C630CED51F2D5F /* Pods-MarvelSwift.release.xcconfig */ = {isa = PBXFileReference; includeInIndex = 1; lastKnownFileType = text.xcconfig; name = "Pods-MarvelSwift.release.xcconfig"; path = "Target Support Files/Pods-MarvelSwift/Pods-MarvelSwift.release.xcconfig"; sourceTree = "<group>"; };
		7BD6F3DCE1A5B0FF14E0A599 /* Pods-MarvelSwift.debug.xcconfig */ = {isa = PBXFileReference; includeInIndex = 1; lastKnownFileType = text.xcconfig; name = "Pods-MarvelSwift.debug.xcconfig"; path = "Target Support Files/Pods-MarvelSwift/Pods-MarvelSwift.debug.xcconfig"; sourceTree = "<group>"; };
/* End PBXFileReference section */

/* Begin PBXFrameworksBuildPhase section */
		332ABFAA278DE3EC00CB3590 /* Frameworks */ = {
			isa = PBXFrameworksBuildPhase;
			buildActionMask = 2147483647;
			files = (
				B85BC698CC6102280B92E89C /* Pods_MarvelSwift.framework in Frameworks */,
			);
			runOnlyForDeploymentPostprocessing = 0;
		};
/* End PBXFrameworksBuildPhase section */

/* Begin PBXGroup section */
		33192451278F79C500F73A87 /* Utils */ = {
			isa = PBXGroup;
			children = (
				33192452278F7A0200F73A87 /* Utils.swift */,
			);
			path = Utils;
			sourceTree = "<group>";
		};
		332ABFA4278DE3EC00CB3590 = {
			isa = PBXGroup;
			children = (
				332ABFAF278DE3EC00CB3590 /* MarvelSwift */,
				332ABFAE278DE3EC00CB3590 /* Products */,
				3478224DC5FF50C4A828B4B0 /* Pods */,
				4C5DD993A7FB87AF1DA2C9DC /* Frameworks */,
			);
			sourceTree = "<group>";
		};
		332ABFAE278DE3EC00CB3590 /* Products */ = {
			isa = PBXGroup;
			children = (
				332ABFAD278DE3EC00CB3590 /* MarvelSwift.app */,
			);
			name = Products;
			sourceTree = "<group>";
		};
		332ABFAF278DE3EC00CB3590 /* MarvelSwift */ = {
			isa = PBXGroup;
			children = (
				33192451278F79C500F73A87 /* Utils */,
				338AA0CD278F145F00864FB9 /* ViewModel */,
				338AA0CC278F145800864FB9 /* View */,
				338AA0CB278F145100864FB9 /* Service */,
				338AA0CA278F144500864FB9 /* Model */,
				332ABFB6278DE3EC00CB3590 /* Main.storyboard */,
				332ABFBC278DE3EE00CB3590 /* Assets.xcassets */,
				332ABFBE278DE3EE00CB3590 /* LaunchScreen.storyboard */,
				332ABFC1278DE3EE00CB3590 /* Info.plist */,
				332ABFB9278DE3EC00CB3590 /* MarvelSwift.xcdatamodeld */,
			);
			path = MarvelSwift;
			sourceTree = "<group>";
		};
		338AA0CA278F144500864FB9 /* Model */ = {
			isa = PBXGroup;
			children = (
				33192456278F7F5F00F73A87 /* Character.swift */,
				33192458278F806300F73A87 /* Comic.swift */,
			);
			path = Model;
			sourceTree = "<group>";
		};
		338AA0CB278F145100864FB9 /* Service */ = {
			isa = PBXGroup;
			children = (
				33192454278F7EAC00F73A87 /* ServiceHandler.swift */,
			);
			path = Service;
			sourceTree = "<group>";
		};
		338AA0CC278F145800864FB9 /* View */ = {
			isa = PBXGroup;
			children = (
				338AA0CE278F14FB00864FB9 /* Cells */,
				332ABFB0278DE3EC00CB3590 /* AppDelegate.swift */,
				332ABFB2278DE3EC00CB3590 /* SceneDelegate.swift */,
				332ABFB4278DE3EC00CB3590 /* MainVC.swift */,
			);
			path = View;
			sourceTree = "<group>";
		};
		338AA0CD278F145F00864FB9 /* ViewModel */ = {
			isa = PBXGroup;
			children = (
				3319245A278F83A900F73A87 /* CharacterViewModel.swift */,
			);
			path = ViewModel;
			sourceTree = "<group>";
		};
		338AA0CE278F14FB00864FB9 /* Cells */ = {
			isa = PBXGroup;
			children = (
				3319244F278F1F9D00F73A87 /* CharacterCell.swift */,
			);
			path = Cells;
			sourceTree = "<group>";
		};
		3478224DC5FF50C4A828B4B0 /* Pods */ = {
			isa = PBXGroup;
			children = (
				7BD6F3DCE1A5B0FF14E0A599 /* Pods-MarvelSwift.debug.xcconfig */,
				77DDC24F78C630CED51F2D5F /* Pods-MarvelSwift.release.xcconfig */,
			);
			path = Pods;
			sourceTree = "<group>";
		};
		4C5DD993A7FB87AF1DA2C9DC /* Frameworks */ = {
			isa = PBXGroup;
			children = (
				6A4F3E5E0E2E401454CA4CC7 /* Pods_MarvelSwift.framework */,
			);
			name = Frameworks;
			sourceTree = "<group>";
		};
/* End PBXGroup section */

/* Begin PBXNativeTarget section */
		332ABFAC278DE3EC00CB3590 /* MarvelSwift */ = {
			isa = PBXNativeTarget;
			buildConfigurationList = 332ABFC4278DE3EE00CB3590 /* Build configuration list for PBXNativeTarget "MarvelSwift" */;
			buildPhases = (
				6C44F4DC8EA8AC3A518197A6 /* [CP] Check Pods Manifest.lock */,
				332ABFA9278DE3EC00CB3590 /* Sources */,
				332ABFAA278DE3EC00CB3590 /* Frameworks */,
				332ABFAB278DE3EC00CB3590 /* Resources */,
				1ECF7C1BBA871D474FFC96E3 /* [CP] Embed Pods Frameworks */,
			);
			buildRules = (
			);
			dependencies = (
			);
			name = MarvelSwift;
			productName = MarvelSwift;
			productReference = 332ABFAD278DE3EC00CB3590 /* MarvelSwift.app */;
			productType = "com.apple.product-type.application";
		};
/* End PBXNativeTarget section */

/* Begin PBXProject section */
		332ABFA5278DE3EC00CB3590 /* Project object */ = {
			isa = PBXProject;
			attributes = {
				BuildIndependentTargetsInParallel = 1;
				LastSwiftUpdateCheck = 1300;
				LastUpgradeCheck = 1300;
				TargetAttributes = {
					332ABFAC278DE3EC00CB3590 = {
						CreatedOnToolsVersion = 13.0;
					};
				};
			};
			buildConfigurationList = 332ABFA8278DE3EC00CB3590 /* Build configuration list for PBXProject "MarvelSwift" */;
			compatibilityVersion = "Xcode 13.0";
			developmentRegion = en;
			hasScannedForEncodings = 0;
			knownRegions = (
				en,
				Base,
			);
			mainGroup = 332ABFA4278DE3EC00CB3590;
			productRefGroup = 332ABFAE278DE3EC00CB3590 /* Products */;
			projectDirPath = "";
			projectRoot = "";
			targets = (
				332ABFAC278DE3EC00CB3590 /* MarvelSwift */,
			);
		};
/* End PBXProject section */

/* Begin PBXResourcesBuildPhase section */
		332ABFAB278DE3EC00CB3590 /* Resources */ = {
			isa = PBXResourcesBuildPhase;
			buildActionMask = 2147483647;
			files = (
				332ABFC0278DE3EE00CB3590 /* LaunchScreen.storyboard in Resources */,
				332ABFBD278DE3EE00CB3590 /* Assets.xcassets in Resources */,
				332ABFB8278DE3EC00CB3590 /* Main.storyboard in Resources */,
			);
			runOnlyForDeploymentPostprocessing = 0;
		};
/* End PBXResourcesBuildPhase section */

/* Begin PBXShellScriptBuildPhase section */
		1ECF7C1BBA871D474FFC96E3 /* [CP] Embed Pods Frameworks */ = {
			isa = PBXShellScriptBuildPhase;
			buildActionMask = 2147483647;
			files = (
			);
			inputFileListPaths = (
				"${PODS_ROOT}/Target Support Files/Pods-MarvelSwift/Pods-MarvelSwift-frameworks-${CONFIGURATION}-input-files.xcfilelist",
			);
			name = "[CP] Embed Pods Frameworks";
			outputFileListPaths = (
				"${PODS_ROOT}/Target Support Files/Pods-MarvelSwift/Pods-MarvelSwift-frameworks-${CONFIGURATION}-output-files.xcfilelist",
			);
			runOnlyForDeploymentPostprocessing = 0;
			shellPath = /bin/sh;
			shellScript = "\"${PODS_ROOT}/Target Support Files/Pods-MarvelSwift/Pods-MarvelSwift-frameworks.sh\"\n";
			showEnvVarsInLog = 0;
		};
		6C44F4DC8EA8AC3A518197A6 /* [CP] Check Pods Manifest.lock */ = {
			isa = PBXShellScriptBuildPhase;
			buildActionMask = 2147483647;
			files = (
			);
			inputFileListPaths = (
			);
			inputPaths = (
				"${PODS_PODFILE_DIR_PATH}/Podfile.lock",
				"${PODS_ROOT}/Manifest.lock",
			);
			name = "[CP] Check Pods Manifest.lock";
			outputFileListPaths = (
			);
			outputPaths = (
				"$(DERIVED_FILE_DIR)/Pods-MarvelSwift-checkManifestLockResult.txt",
			);
			runOnlyForDeploymentPostprocessing = 0;
			shellPath = /bin/sh;
			shellScript = "diff \"${PODS_PODFILE_DIR_PATH}/Podfile.lock\" \"${PODS_ROOT}/Manifest.lock\" > /dev/null\nif [ $? != 0 ] ; then\n    # print error to STDERR\n    echo \"error: The sandbox is not in sync with the Podfile.lock. Run 'pod install' or update your CocoaPods installation.\" >&2\n    exit 1\nfi\n# This output is used by Xcode 'outputs' to avoid re-running this script phase.\necho \"SUCCESS\" > \"${SCRIPT_OUTPUT_FILE_0}\"\n";
			showEnvVarsInLog = 0;
		};
/* End PBXShellScriptBuildPhase section */

/* Begin PBXSourcesBuildPhase section */
		332ABFA9278DE3EC00CB3590 /* Sources */ = {
			isa = PBXSourcesBuildPhase;
			buildActionMask = 2147483647;
			files = (
				33192450278F1F9D00F73A87 /* CharacterCell.swift in Sources */,
				33192455278F7EAC00F73A87 /* ServiceHandler.swift in Sources */,
				332ABFBB278DE3EC00CB3590 /* MarvelSwift.xcdatamodeld in Sources */,
				332ABFB5278DE3EC00CB3590 /* MainVC.swift in Sources */,
				332ABFB1278DE3EC00CB3590 /* AppDelegate.swift in Sources */,
				332ABFB3278DE3EC00CB3590 /* SceneDelegate.swift in Sources */,
				3319245B278F83A900F73A87 /* CharacterViewModel.swift in Sources */,
				33192453278F7A0200F73A87 /* Utils.swift in Sources */,
				33192459278F806300F73A87 /* Comic.swift in Sources */,
				33192457278F7F5F00F73A87 /* Character.swift in Sources */,
			);
			runOnlyForDeploymentPostprocessing = 0;
		};
/* End PBXSourcesBuildPhase section */

/* Begin PBXVariantGroup section */
		332ABFB6278DE3EC00CB3590 /* Main.storyboard */ = {
			isa = PBXVariantGroup;
			children = (
				332ABFB7278DE3EC00CB3590 /* Base */,
			);
			name = Main.storyboard;
			sourceTree = "<group>";
		};
		332ABFBE278DE3EE00CB3590 /* LaunchScreen.storyboard */ = {
			isa = PBXVariantGroup;
			children = (
				332ABFBF278DE3EE00CB3590 /* Base */,
			);
			name = LaunchScreen.storyboard;
			sourceTree = "<group>";
		};
/* End PBXVariantGroup section */

/* Begin XCBuildConfiguration section */
		332ABFC2278DE3EE00CB3590 /* Debug */ = {
			isa = XCBuildConfiguration;
			buildSettings = {
				ALWAYS_SEARCH_USER_PATHS = NO;
				CLANG_ANALYZER_NONNULL = YES;
				CLANG_ANALYZER_NUMBER_OBJECT_CONVERSION = YES_AGGRESSIVE;
				CLANG_CXX_LANGUAGE_STANDARD = "gnu++17";
				CLANG_CXX_LIBRARY = "libc++";
				CLANG_ENABLE_MODULES = YES;
				CLANG_ENABLE_OBJC_ARC = YES;
				CLANG_ENABLE_OBJC_WEAK = YES;
				CLANG_WARN_BLOCK_CAPTURE_AUTORELEASING = YES;
				CLANG_WARN_BOOL_CONVERSION = YES;
				CLANG_WARN_COMMA = YES;
				CLANG_WARN_CONSTANT_CONVERSION = YES;
				CLANG_WARN_DEPRECATED_OBJC_IMPLEMENTATIONS = YES;
				CLANG_WARN_DIRECT_OBJC_ISA_USAGE = YES_ERROR;
				CLANG_WARN_DOCUMENTATION_COMMENTS = YES;
				CLANG_WARN_EMPTY_BODY = YES;
				CLANG_WARN_ENUM_CONVERSION = YES;
				CLANG_WARN_INFINITE_RECURSION = YES;
				CLANG_WARN_INT_CONVERSION = YES;
				CLANG_WARN_NON_LITERAL_NULL_CONVERSION = YES;
				CLANG_WARN_OBJC_IMPLICIT_RETAIN_SELF = YES;
				CLANG_WARN_OBJC_LITERAL_CONVERSION = YES;
				CLANG_WARN_OBJC_ROOT_CLASS = YES_ERROR;
				CLANG_WARN_QUOTED_INCLUDE_IN_FRAMEWORK_HEADER = YES;
				CLANG_WARN_RANGE_LOOP_ANALYSIS = YES;
				CLANG_WARN_STRICT_PROTOTYPES = YES;
				CLANG_WARN_SUSPICIOUS_MOVE = YES;
				CLANG_WARN_UNGUARDED_AVAILABILITY = YES_AGGRESSIVE;
				CLANG_WARN_UNREACHABLE_CODE = YES;
				CLANG_WARN__DUPLICATE_METHOD_MATCH = YES;
				COPY_PHASE_STRIP = NO;
				DEBUG_INFORMATION_FORMAT = dwarf;
				ENABLE_STRICT_OBJC_MSGSEND = YES;
				ENABLE_TESTABILITY = YES;
				GCC_C_LANGUAGE_STANDARD = gnu11;
				GCC_DYNAMIC_NO_PIC = NO;
				GCC_NO_COMMON_BLOCKS = YES;
				GCC_OPTIMIZATION_LEVEL = 0;
				GCC_PREPROCESSOR_DEFINITIONS = (
					"DEBUG=1",
					"$(inherited)",
				);
				GCC_WARN_64_TO_32_BIT_CONVERSION = YES;
				GCC_WARN_ABOUT_RETURN_TYPE = YES_ERROR;
				GCC_WARN_UNDECLARED_SELECTOR = YES;
				GCC_WARN_UNINITIALIZED_AUTOS = YES_AGGRESSIVE;
				GCC_WARN_UNUSED_FUNCTION = YES;
				GCC_WARN_UNUSED_VARIABLE = YES;
				IPHONEOS_DEPLOYMENT_TARGET = 15.0;
				MTL_ENABLE_DEBUG_INFO = INCLUDE_SOURCE;
				MTL_FAST_MATH = YES;
				ONLY_ACTIVE_ARCH = YES;
				SDKROOT = iphoneos;
				SWIFT_ACTIVE_COMPILATION_CONDITIONS = DEBUG;
				SWIFT_OPTIMIZATION_LEVEL = "-Onone";
			};
			name = Debug;
		};
		332ABFC3278DE3EE00CB3590 /* Release */ = {
			isa = XCBuildConfiguration;
			buildSettings = {
				ALWAYS_SEARCH_USER_PATHS = NO;
				CLANG_ANALYZER_NONNULL = YES;
				CLANG_ANALYZER_NUMBER_OBJECT_CONVERSION = YES_AGGRESSIVE;
				CLANG_CXX_LANGUAGE_STANDARD = "gnu++17";
				CLANG_CXX_LIBRARY = "libc++";
				CLANG_ENABLE_MODULES = YES;
				CLANG_ENABLE_OBJC_ARC = YES;
				CLANG_ENABLE_OBJC_WEAK = YES;
				CLANG_WARN_BLOCK_CAPTURE_AUTORELEASING = YES;
				CLANG_WARN_BOOL_CONVERSION = YES;
				CLANG_WARN_COMMA = YES;
				CLANG_WARN_CONSTANT_CONVERSION = YES;
				CLANG_WARN_DEPRECATED_OBJC_IMPLEMENTATIONS = YES;
				CLANG_WARN_DIRECT_OBJC_ISA_USAGE = YES_ERROR;
				CLANG_WARN_DOCUMENTATION_COMMENTS = YES;
				CLANG_WARN_EMPTY_BODY = YES;
				CLANG_WARN_ENUM_CONVERSION = YES;
				CLANG_WARN_INFINITE_RECURSION = YES;
				CLANG_WARN_INT_CONVERSION = YES;
				CLANG_WARN_NON_LITERAL_NULL_CONVERSION = YES;
				CLANG_WARN_OBJC_IMPLICIT_RETAIN_SELF = YES;
				CLANG_WARN_OBJC_LITERAL_CONVERSION = YES;
				CLANG_WARN_OBJC_ROOT_CLASS = YES_ERROR;
				CLANG_WARN_QUOTED_INCLUDE_IN_FRAMEWORK_HEADER = YES;
				CLANG_WARN_RANGE_LOOP_ANALYSIS = YES;
				CLANG_WARN_STRICT_PROTOTYPES = YES;
				CLANG_WARN_SUSPICIOUS_MOVE = YES;
				CLANG_WARN_UNGUARDED_AVAILABILITY = YES_AGGRESSIVE;
				CLANG_WARN_UNREACHABLE_CODE = YES;
				CLANG_WARN__DUPLICATE_METHOD_MATCH = YES;
				COPY_PHASE_STRIP = NO;
				DEBUG_INFORMATION_FORMAT = "dwarf-with-dsym";
				ENABLE_NS_ASSERTIONS = NO;
				ENABLE_STRICT_OBJC_MSGSEND = YES;
				GCC_C_LANGUAGE_STANDARD = gnu11;
				GCC_NO_COMMON_BLOCKS = YES;
				GCC_WARN_64_TO_32_BIT_CONVERSION = YES;
				GCC_WARN_ABOUT_RETURN_TYPE = YES_ERROR;
				GCC_WARN_UNDECLARED_SELECTOR = YES;
				GCC_WARN_UNINITIALIZED_AUTOS = YES_AGGRESSIVE;
				GCC_WARN_UNUSED_FUNCTION = YES;
				GCC_WARN_UNUSED_VARIABLE = YES;
				IPHONEOS_DEPLOYMENT_TARGET = 15.0;
				MTL_ENABLE_DEBUG_INFO = NO;
				MTL_FAST_MATH = YES;
				SDKROOT = iphoneos;
				SWIFT_COMPILATION_MODE = wholemodule;
				SWIFT_OPTIMIZATION_LEVEL = "-O";
				VALIDATE_PRODUCT = YES;
			};
			name = Release;
		};
		332ABFC5278DE3EE00CB3590 /* Debug */ = {
			isa = XCBuildConfiguration;
			baseConfigurationReference = 7BD6F3DCE1A5B0FF14E0A599 /* Pods-MarvelSwift.debug.xcconfig */;
			buildSettings = {
				ASSETCATALOG_COMPILER_APPICON_NAME = AppIcon;
				ASSETCATALOG_COMPILER_GLOBAL_ACCENT_COLOR_NAME = AccentColor;
				CODE_SIGN_STYLE = Automatic;
				CURRENT_PROJECT_VERSION = 1;
				DEVELOPMENT_TEAM = W2NQ2X2W4T;
				GENERATE_INFOPLIST_FILE = YES;
				INFOPLIST_FILE = MarvelSwift/Info.plist;
				INFOPLIST_KEY_UIApplicationSupportsIndirectInputEvents = YES;
				INFOPLIST_KEY_UILaunchStoryboardName = LaunchScreen;
				INFOPLIST_KEY_UIMainStoryboardFile = Main;
				INFOPLIST_KEY_UISupportedInterfaceOrientations_iPad = "UIInterfaceOrientationPortrait UIInterfaceOrientationPortraitUpsideDown UIInterfaceOrientationLandscapeLeft UIInterfaceOrientationLandscapeRight";
				INFOPLIST_KEY_UISupportedInterfaceOrientations_iPhone = "UIInterfaceOrientationPortrait UIInterfaceOrientationLandscapeLeft UIInterfaceOrientationLandscapeRight";
				LD_RUNPATH_SEARCH_PATHS = (
					"$(inherited)",
					"@executable_path/Frameworks",
				);
				MARKETING_VERSION = 1.0;
				PRODUCT_BUNDLE_IDENTIFIER = melihozden.MarvelSwift;
				PRODUCT_NAME = "$(TARGET_NAME)";
				SWIFT_EMIT_LOC_STRINGS = YES;
				SWIFT_VERSION = 5.0;
				TARGETED_DEVICE_FAMILY = "1,2";
			};
			name = Debug;
		};
		332ABFC6278DE3EE00CB3590 /* Release */ = {
			isa = XCBuildConfiguration;
			baseConfigurationReference = 77DDC24F78C630CED51F2D5F /* Pods-MarvelSwift.release.xcconfig */;
			buildSettings = {
				ASSETCATALOG_COMPILER_APPICON_NAME = AppIcon;
				ASSETCATALOG_COMPILER_GLOBAL_ACCENT_COLOR_NAME = AccentColor;
				CODE_SIGN_STYLE = Automatic;
				CURRENT_PROJECT_VERSION = 1;
				DEVELOPMENT_TEAM = W2NQ2X2W4T;
				GENERATE_INFOPLIST_FILE = YES;
				INFOPLIST_FILE = MarvelSwift/Info.plist;
				INFOPLIST_KEY_UIApplicationSupportsIndirectInputEvents = YES;
				INFOPLIST_KEY_UILaunchStoryboardName = LaunchScreen;
				INFOPLIST_KEY_UIMainStoryboardFile = Main;
				INFOPLIST_KEY_UISupportedInterfaceOrientations_iPad = "UIInterfaceOrientationPortrait UIInterfaceOrientationPortraitUpsideDown UIInterfaceOrientationLandscapeLeft UIInterfaceOrientationLandscapeRight";
				INFOPLIST_KEY_UISupportedInterfaceOrientations_iPhone = "UIInterfaceOrientationPortrait UIInterfaceOrientationLandscapeLeft UIInterfaceOrientationLandscapeRight";
				LD_RUNPATH_SEARCH_PATHS = (
					"$(inherited)",
					"@executable_path/Frameworks",
				);
				MARKETING_VERSION = 1.0;
				PRODUCT_BUNDLE_IDENTIFIER = melihozden.MarvelSwift;
				PRODUCT_NAME = "$(TARGET_NAME)";
				SWIFT_EMIT_LOC_STRINGS = YES;
				SWIFT_VERSION = 5.0;
				TARGETED_DEVICE_FAMILY = "1,2";
			};
			name = Release;
		};
/* End XCBuildConfiguration section */

/* Begin XCConfigurationList section */
		332ABFA8278DE3EC00CB3590 /* Build configuration list for PBXProject "MarvelSwift" */ = {
			isa = XCConfigurationList;
			buildConfigurations = (
				332ABFC2278DE3EE00CB3590 /* Debug */,
				332ABFC3278DE3EE00CB3590 /* Release */,
			);
			defaultConfigurationIsVisible = 0;
			defaultConfigurationName = Release;
		};
		332ABFC4278DE3EE00CB3590 /* Build configuration list for PBXNativeTarget "MarvelSwift" */ = {
			isa = XCConfigurationList;
			buildConfigurations = (
				332ABFC5278DE3EE00CB3590 /* Debug */,
				332ABFC6278DE3EE00CB3590 /* Release */,
			);
			defaultConfigurationIsVisible = 0;
			defaultConfigurationName = Release;
		};
/* End XCConfigurationList section */

/* Begin XCVersionGroup section */
		332ABFB9278DE3EC00CB3590 /* MarvelSwift.xcdatamodeld */ = {
			isa = XCVersionGroup;
			children = (
				332ABFBA278DE3EC00CB3590 /* MarvelSwift.xcdatamodel */,
			);
			currentVersion = 332ABFBA278DE3EC00CB3590 /* MarvelSwift.xcdatamodel */;
			path = MarvelSwift.xcdatamodeld;
			sourceTree = "<group>";
			versionGroupType = wrapper.xcdatamodel;
		};
/* End XCVersionGroup section */
	};
	rootObject = 332ABFA5278DE3EC00CB3590 /* Project object */;
}
