// !$*UTF8*$!
{
	archiveVersion = 1;
	classes = {
	};
	objectVersion = 55;
	objects = {

/* Begin PBXBuildFile section */
		332ABFB1278DE3EC00CB3590 /* AppDelegate.swift in Sources */ = {isa = PBXBuildFile; fileRef = 332ABFB0278DE3EC00CB3590 /* AppDelegate.swift */; };
		332ABFB3278DE3EC00CB3590 /* SceneDelegate.swift in Sources */ = {isa = PBXBuildFile; fileRef = 332ABFB2278DE3EC00CB3590 /* SceneDelegate.swift */; };
		332ABFB5278DE3EC00CB3590 /* ViewController.swift in Sources */ = {isa = PBXBuildFile; fileRef = 332ABFB4278DE3EC00CB3590 /* ViewController.swift */; };
		332ABFB8278DE3EC00CB3590 /* Main.storyboard in Resources */ = {isa = PBXBuildFile; fileRef = 332ABFB6278DE3EC00CB3590 /* Main.storyboard */; };
		332ABFBB278DE3EC00CB3590 /* MarvelSwift.xcdatamodeld in Sources */ = {isa = PBXBuildFile; fileRef = 332ABFB9278DE3EC00CB3590 /* MarvelSwift.xcdatamodeld */; };
		332ABFBD278DE3EE00CB3590 /* Assets.xcassets in Resources */ = {isa = PBXBuildFile; fileRef = 332ABFBC278DE3EE00CB3590 /* Assets.xcassets */; };
		332ABFC0278DE3EE00CB3590 /* LaunchScreen.storyboard in Resources */ = {isa = PBXBuildFile; fileRef = 332ABFBE278DE3EE00CB3590 /* LaunchScreen.storyboard */; };
/* End PBXBuildFile section */

/* Begin PBXFileReference section */
		332ABFAD278DE3EC00CB3590 /* MarvelSwift.app */ = {isa = PBXFileReference; explicitFileType = wrapper.application; includeInIndex = 0; path = MarvelSwift.app; sourceTree = BUILT_PRODUCTS_DIR; };
		332ABFB0278DE3EC00CB3590 /* AppDelegate.swift */ = {isa = PBXFileReference; lastKnownFileType = sourcecode.swift; path = AppDelegate.swift; sourceTree = "<group>"; };
		332ABFB2278DE3EC00CB3590 /* SceneDelegate.swift */ = {isa = PBXFileReference; lastKnownFileType = sourcecode.swift; path = SceneDelegate.swift; sourceTree = "<group>"; };
		332ABFB4278DE3EC00CB3590 /* ViewController.swift */ = {isa = PBXFileReference; lastKnownFileType = sourcecode.swift; path = ViewController.swift; sourceTree = "<group>"; };
		332ABFB7278DE3EC00CB3590 /* Base */ = {isa = PBXFileReference; lastKnownFileType = file.storyboard; name = Base; path = Base.lproj/Main.storyboard; sourceTree = "<group>"; };
		332ABFBA278DE3EC00CB3590 /* MarvelSwift.xcdatamodel */ = {isa = PBXFileReference; lastKnownFileType = wrapper.xcdatamodel; path = MarvelSwift.xcdatamodel; sourceTree = "<group>"; };
		332ABFBC278DE3EE00CB3590 /* Assets.xcassets */ = {isa = PBXFileReference; lastKnownFileType = folder.assetcatalog; path = Assets.xcassets; sourceTree = "<group>"; };
		332ABFBF278DE3EE00CB3590 /* Base */ = {isa = PBXFileReference; lastKnownFileType = file.storyboard; name = Base; path = Base.lproj/LaunchScreen.storyboard; sourceTree = "<group>"; };
		332ABFC1278DE3EE00CB3590 /* Info.plist */ = {isa = PBXFileReference; lastKnownFileType = text.plist.xml; path = Info.plist; sourceTree = "<group>"; };
/* End PBXFileReference section */

/* Begin PBXFrameworksBuildPhase section */
		332ABFAA278DE3EC00CB3590 /* Frameworks */ = {
			isa = PBXFrameworksBuildPhase;
			buildActionMask = 2147483647;
			files = (
			);
			runOnlyForDeploymentPostprocessing = 0;
		};
/* End PBXFrameworksBuildPhase section */

/* Begin PBXGroup section */
		332ABFA4278DE3EC00CB3590 = {
			isa = PBXGroup;
			children = (
				332ABFAF278DE3EC00CB3590 /* MarvelSwift */,
				332ABFAE278DE3EC00CB3590 /* Products */,
			);
			sourceTree = "<group>";
		};
		332ABFAE278DE3EC00CB3590 /* Products */ = {
			isa = PBXGroup;
			children = (
				332ABFAD278DE3EC00CB3590 /* MarvelSwift.app */,
			);
			name = Products;
			sourceTree = "<group>";
		};
		332ABFAF278DE3EC00CB3590 /* MarvelSwift */ = {
			isa = PBXGroup;
			children = (
				332ABFB0278DE3EC00CB3590 /* AppDelegate.swift */,
				332ABFB2278DE3EC00CB3590 /* SceneDelegate.swift */,
				332ABFB4278DE3EC00CB3590 /* ViewController.swift */,
				332ABFB6278DE3EC00CB3590 /* Main.storyboard */,
				332ABFBC278DE3EE00CB3590 /* Assets.xcassets */,
				332ABFBE278DE3EE00CB3590 /* LaunchScreen.storyboard */,
				332ABFC1278DE3EE00CB3590 /* Info.plist */,
				332ABFB9278DE3EC00CB3590 /* MarvelSwift.xcdatamodeld */,
			);
			path = MarvelSwift;
			sourceTree = "<group>";
		};
/* End PBXGroup section */

/* Begin PBXNativeTarget section */
		332ABFAC278DE3EC00CB3590 /* MarvelSwift */ = {
			isa = PBXNativeTarget;
			buildConfigurationList = 332ABFC4278DE3EE00CB3590 /* Build configuration list for PBXNativeTarget "MarvelSwift" */;
			buildPhases = (
				332ABFA9278DE3EC00CB3590 /* Sources */,
				332ABFAA278DE3EC00CB3590 /* Frameworks */,
				332ABFAB278DE3EC00CB3590 /* Resources */,
			);
			buildRules = (
			);
			dependencies = (
			);
			name = MarvelSwift;
			productName = MarvelSwift;
			productReference = 332ABFAD278DE3EC00CB3590 /* MarvelSwift.app */;
			productType = "com.apple.product-type.application";
		};
/* End PBXNativeTarget section */

/* Begin PBXProject section */
		332ABFA5278DE3EC00CB3590 /* Project object */ = {
			isa = PBXProject;
			attributes = {
				BuildIndependentTargetsInParallel = 1;
				LastSwiftUpdateCheck = 1300;
				LastUpgradeCheck = 1300;
				TargetAttributes = {
					332ABFAC278DE3EC00CB3590 = {
						CreatedOnToolsVersion = 13.0;
					};
				};
			};
			buildConfigurationList = 332ABFA8278DE3EC00CB3590 /* Build configuration list for PBXProject "MarvelSwift" */;
			compatibilityVersion = "Xcode 13.0";
			developmentRegion = en;
			hasScannedForEncodings = 0;
			knownRegions = (
				en,
				Base,
			);
			mainGroup = 332ABFA4278DE3EC00CB3590;
			productRefGroup = 332ABFAE278DE3EC00CB3590 /* Products */;
			projectDirPath = "";
			projectRoot = "";
			targets = (
				332ABFAC278DE3EC00CB3590 /* MarvelSwift */,
			);
		};
/* End PBXProject section */

/* Begin PBXResourcesBuildPhase section */
		332ABFAB278DE3EC00CB3590 /* Resources */ = {
			isa = PBXResourcesBuildPhase;
			buildActionMask = 2147483647;
			files = (
				332ABFC0278DE3EE00CB3590 /* LaunchScreen.storyboard in Resources */,
				332ABFBD278DE3EE00CB3590 /* Assets.xcassets in Resources */,
				332ABFB8278DE3EC00CB3590 /* Main.storyboard in Resources */,
			);
			runOnlyForDeploymentPostprocessing = 0;
		};
/* End PBXResourcesBuildPhase section */

/* Begin PBXSourcesBuildPhase section */
		332ABFA9278DE3EC00CB3590 /* Sources */ = {
			isa = PBXSourcesBuildPhase;
			buildActionMask = 2147483647;
			files = (
				332ABFBB278DE3EC00CB3590 /* MarvelSwift.xcdatamodeld in Sources */,
				332ABFB5278DE3EC00CB3590 /* ViewController.swift in Sources */,
				332ABFB1278DE3EC00CB3590 /* AppDelegate.swift in Sources */,
				332ABFB3278DE3EC00CB3590 /* SceneDelegate.swift in Sources */,
			);
			runOnlyForDeploymentPostprocessing = 0;
		};
/* End PBXSourcesBuildPhase section */

/* Begin PBXVariantGroup section */
		332ABFB6278DE3EC00CB3590 /* Main.storyboard */ = {
			isa = PBXVariantGroup;
			children = (
				332ABFB7278DE3EC00CB3590 /* Base */,
			);
			name = Main.storyboard;
			sourceTree = "<group>";
		};
		332ABFBE278DE3EE00CB3590 /* LaunchScreen.storyboard */ = {
			isa = PBXVariantGroup;
			children = (
				332ABFBF278DE3EE00CB3590 /* Base */,
			);
			name = LaunchScreen.storyboard;
			sourceTree = "<group>";
		};
/* End PBXVariantGroup section */

/* Begin XCBuildConfiguration section */
		332ABFC2278DE3EE00CB3590 /* Debug */ = {
			isa = XCBuildConfiguration;
			buildSettings = {
				ALWAYS_SEARCH_USER_PATHS = NO;
				CLANG_ANALYZER_NONNULL = YES;
				CLANG_ANALYZER_NUMBER_OBJECT_CONVERSION = YES_AGGRESSIVE;
				CLANG_CXX_LANGUAGE_STANDARD = "gnu++17";
				CLANG_CXX_LIBRARY = "libc++";
				CLANG_ENABLE_MODULES = YES;
				CLANG_ENABLE_OBJC_ARC = YES;
				CLANG_ENABLE_OBJC_WEAK = YES;
				CLANG_WARN_BLOCK_CAPTURE_AUTORELEASING = YES;
				CLANG_WARN_BOOL_CONVERSION = YES;
				CLANG_WARN_COMMA = YES;
				CLANG_WARN_CONSTANT_CONVERSION = YES;
				CLANG_WARN_DEPRECATED_OBJC_IMPLEMENTATIONS = YES;
				CLANG_WARN_DIRECT_OBJC_ISA_USAGE = YES_ERROR;
				CLANG_WARN_DOCUMENTATION_COMMENTS = YES;
				CLANG_WARN_EMPTY_BODY = YES;
				CLANG_WARN_ENUM_CONVERSION = YES;
				CLANG_WARN_INFINITE_RECURSION = YES;
				CLANG_WARN_INT_CONVERSION = YES;
				CLANG_WARN_NON_LITERAL_NULL_CONVERSION = YES;
				CLANG_WARN_OBJC_IMPLICIT_RETAIN_SELF = YES;
				CLANG_WARN_OBJC_LITERAL_CONVERSION = YES;
				CLANG_WARN_OBJC_ROOT_CLASS = YES_ERROR;
				CLANG_WARN_QUOTED_INCLUDE_IN_FRAMEWORK_HEADER = YES;
				CLANG_WARN_RANGE_LOOP_ANALYSIS = YES;
				CLANG_WARN_STRICT_PROTOTYPES = YES;
				CLANG_WARN_SUSPICIOUS_MOVE = YES;
				CLANG_WARN_UNGUARDED_AVAILABILITY = YES_AGGRESSIVE;
				CLANG_WARN_UNREACHABLE_CODE = YES;
				CLANG_WARN__DUPLICATE_METHOD_MATCH = YES;
				COPY_PHASE_STRIP = NO;
				DEBUG_INFORMATION_FORMAT = dwarf;
				ENABLE_STRICT_OBJC_MSGSEND = YES;
				ENABLE_TESTABILITY = YES;
				GCC_C_LANGUAGE_STANDARD = gnu11;
				GCC_DYNAMIC_NO_PIC = NO;
				GCC_NO_COMMON_BLOCKS = YES;
				GCC_OPTIMIZATION_LEVEL = 0;
				GCC_PREPROCESSOR_DEFINITIONS = (
					"DEBUG=1",
					"$(inherited)",
				);
				GCC_WARN_64_TO_32_BIT_CONVERSION = YES;
				GCC_WARN_ABOUT_RETURN_TYPE = YES_ERROR;
				GCC_WARN_UNDECLARED_SELECTOR = YES;
				GCC_WARN_UNINITIALIZED_AUTOS = YES_AGGRESSIVE;
				GCC_WARN_UNUSED_FUNCTION = YES;
				GCC_WARN_UNUSED_VARIABLE = YES;
				IPHONEOS_DEPLOYMENT_TARGET = 15.0;
				MTL_ENABLE_DEBUG_INFO = INCLUDE_SOURCE;
				MTL_FAST_MATH = YES;
				ONLY_ACTIVE_ARCH = YES;
				SDKROOT = iphoneos;
				SWIFT_ACTIVE_COMPILATION_CONDITIONS = DEBUG;
				SWIFT_OPTIMIZATION_LEVEL = "-Onone";
			};
			name = Debug;
		};
		332ABFC3278DE3EE00CB3590 /* Release */ = {
			isa = XCBuildConfiguration;
			buildSettings = {
				ALWAYS_SEARCH_USER_PATHS = NO;
				CLANG_ANALYZER_NONNULL = YES;
				CLANG_ANALYZER_NUMBER_OBJECT_CONVERSION = YES_AGGRESSIVE;
				CLANG_CXX_LANGUAGE_STANDARD = "gnu++17";
				CLANG_CXX_LIBRARY = "libc++";
				CLANG_ENABLE_MODULES = YES;
				CLANG_ENABLE_OBJC_ARC = YES;
				CLANG_ENABLE_OBJC_WEAK = YES;
				CLANG_WARN_BLOCK_CAPTURE_AUTORELEASING = YES;
				CLANG_WARN_BOOL_CONVERSION = YES;
				CLANG_WARN_COMMA = YES;
				CLANG_WARN_CONSTANT_CONVERSION = YES;
				CLANG_WARN_DEPRECATED_OBJC_IMPLEMENTATIONS = YES;
				CLANG_WARN_DIRECT_OBJC_ISA_USAGE = YES_ERROR;
				CLANG_WARN_DOCUMENTATION_COMMENTS = YES;
				CLANG_WARN_EMPTY_BODY = YES;
				CLANG_WARN_ENUM_CONVERSION = YES;
				CLANG_WARN_INFINITE_RECURSION = YES;
				CLANG_WARN_INT_CONVERSION = YES;
				CLANG_WARN_NON_LITERAL_NULL_CONVERSION = YES;
				CLANG_WARN_OBJC_IMPLICIT_RETAIN_SELF = YES;
				CLANG_WARN_OBJC_LITERAL_CONVERSION = YES;
				CLANG_WARN_OBJC_ROOT_CLASS = YES_ERROR;
				CLANG_WARN_QUOTED_INCLUDE_IN_FRAMEWORK_HEADER = YES;
				CLANG_WARN_RANGE_LOOP_ANALYSIS = YES;
				CLANG_WARN_STRICT_PROTOTYPES = YES;
				CLANG_WARN_SUSPICIOUS_MOVE = YES;
				CLANG_WARN_UNGUARDED_AVAILABILITY = YES_AGGRESSIVE;
				CLANG_WARN_UNREACHABLE_CODE = YES;
				CLANG_WARN__DUPLICATE_METHOD_MATCH = YES;
				COPY_PHASE_STRIP = NO;
				DEBUG_INFORMATION_FORMAT = "dwarf-with-dsym";
				ENABLE_NS_ASSERTIONS = NO;
				ENABLE_STRICT_OBJC_MSGSEND = YES;
				GCC_C_LANGUAGE_STANDARD = gnu11;
				GCC_NO_COMMON_BLOCKS = YES;
				GCC_WARN_64_TO_32_BIT_CONVERSION = YES;
				GCC_WARN_ABOUT_RETURN_TYPE = YES_ERROR;
				GCC_WARN_UNDECLARED_SELECTOR = YES;
				GCC_WARN_UNINITIALIZED_AUTOS = YES_AGGRESSIVE;
				GCC_WARN_UNUSED_FUNCTION = YES;
				GCC_WARN_UNUSED_VARIABLE = YES;
				IPHONEOS_DEPLOYMENT_TARGET = 15.0;
				MTL_ENABLE_DEBUG_INFO = NO;
				MTL_FAST_MATH = YES;
				SDKROOT = iphoneos;
				SWIFT_COMPILATION_MODE = wholemodule;
				SWIFT_OPTIMIZATION_LEVEL = "-O";
				VALIDATE_PRODUCT = YES;
			};
			name = Release;
		};
		332ABFC5278DE3EE00CB3590 /* Debug */ = {
			isa = XCBuildConfiguration;
			buildSettings = {
				ASSETCATALOG_COMPILER_APPICON_NAME = AppIcon;
				ASSETCATALOG_COMPILER_GLOBAL_ACCENT_COLOR_NAME = AccentColor;
				CODE_SIGN_STYLE = Automatic;
				CURRENT_PROJECT_VERSION = 1;
				DEVELOPMENT_TEAM = W2NQ2X2W4T;
				GENERATE_INFOPLIST_FILE = YES;
				INFOPLIST_FILE = MarvelSwift/Info.plist;
				INFOPLIST_KEY_UIApplicationSupportsIndirectInputEvents = YES;
				INFOPLIST_KEY_UILaunchStoryboardName = LaunchScreen;
				INFOPLIST_KEY_UIMainStoryboardFile = Main;
				INFOPLIST_KEY_UISupportedInterfaceOrientations_iPad = "UIInterfaceOrientationPortrait UIInterfaceOrientationPortraitUpsideDown UIInterfaceOrientationLandscapeLeft UIInterfaceOrientationLandscapeRight";
				INFOPLIST_KEY_UISupportedInterfaceOrientations_iPhone = "UIInterfaceOrientationPortrait UIInterfaceOrientationLandscapeLeft UIInterfaceOrientationLandscapeRight";
				LD_RUNPATH_SEARCH_PATHS = (
					"$(inherited)",
					"@executable_path/Frameworks",
				);
				MARKETING_VERSION = 1.0;
				PRODUCT_BUNDLE_IDENTIFIER = melihozden.MarvelSwift;
				PRODUCT_NAME = "$(TARGET_NAME)";
				SWIFT_EMIT_LOC_STRINGS = YES;
				SWIFT_VERSION = 5.0;
				TARGETED_DEVICE_FAMILY = "1,2";
			};
			name = Debug;
		};
		332ABFC6278DE3EE00CB3590 /* Release */ = {
			isa = XCBuildConfiguration;
			buildSettings = {
				ASSETCATALOG_COMPILER_APPICON_NAME = AppIcon;
				ASSETCATALOG_COMPILER_GLOBAL_ACCENT_COLOR_NAME = AccentColor;
				CODE_SIGN_STYLE = Automatic;
				CURRENT_PROJECT_VERSION = 1;
				DEVELOPMENT_TEAM = W2NQ2X2W4T;
				GENERATE_INFOPLIST_FILE = YES;
				INFOPLIST_FILE = MarvelSwift/Info.plist;
				INFOPLIST_KEY_UIApplicationSupportsIndirectInputEvents = YES;
				INFOPLIST_KEY_UILaunchStoryboardName = LaunchScreen;
				INFOPLIST_KEY_UIMainStoryboardFile = Main;
				INFOPLIST_KEY_UISupportedInterfaceOrientations_iPad = "UIInterfaceOrientationPortrait UIInterfaceOrientationPortraitUpsideDown UIInterfaceOrientationLandscapeLeft UIInterfaceOrientationLandscapeRight";
				INFOPLIST_KEY_UISupportedInterfaceOrientations_iPhone = "UIInterfaceOrientationPortrait UIInterfaceOrientationLandscapeLeft UIInterfaceOrientationLandscapeRight";
				LD_RUNPATH_SEARCH_PATHS = (
					"$(inherited)",
					"@executable_path/Frameworks",
				);
				MARKETING_VERSION = 1.0;
				PRODUCT_BUNDLE_IDENTIFIER = melihozden.MarvelSwift;
				PRODUCT_NAME = "$(TARGET_NAME)";
				SWIFT_EMIT_LOC_STRINGS = YES;
				SWIFT_VERSION = 5.0;
				TARGETED_DEVICE_FAMILY = "1,2";
			};
			name = Release;
		};
/* End XCBuildConfiguration section */

/* Begin XCConfigurationList section */
		332ABFA8278DE3EC00CB3590 /* Build configuration list for PBXProject "MarvelSwift" */ = {
			isa = XCConfigurationList;
			buildConfigurations = (
				332ABFC2278DE3EE00CB3590 /* Debug */,
				332ABFC3278DE3EE00CB3590 /* Release */,
			);
			defaultConfigurationIsVisible = 0;
			defaultConfigurationName = Release;
		};
		332ABFC4278DE3EE00CB3590 /* Build configuration list for PBXNativeTarget "MarvelSwift" */ = {
			isa = XCConfigurationList;
			buildConfigurations = (
				332ABFC5278DE3EE00CB3590 /* Debug */,
				332ABFC6278DE3EE00CB3590 /* Release */,
			);
			defaultConfigurationIsVisible = 0;
			defaultConfigurationName = Release;
		};
/* End XCConfigurationList section */

/* Begin XCVersionGroup section */
		332ABFB9278DE3EC00CB3590 /* MarvelSwift.xcdatamodeld */ = {
			isa = XCVersionGroup;
			children = (
				332ABFBA278DE3EC00CB3590 /* MarvelSwift.xcdatamodel */,
			);
			currentVersion = 332ABFBA278DE3EC00CB3590 /* MarvelSwift.xcdatamodel */;
			path = MarvelSwift.xcdatamodeld;
			sourceTree = "<group>";
			versionGroupType = wrapper.xcdatamodel;
		};
/* End XCVersionGroup section */
	};
	rootObject = 332ABFA5278DE3EC00CB3590 /* Project object */;
}
